
Microsoft Visual Studio Solution File, Format Version 12.00
# Visual Studio 15
VisualStudioVersion = 15.0.26228.9
MinimumVisualStudioVersion = 10.0.40219.1
Project("{FAE04EC0-301F-11D3-BF4B-00C04F79EFBC}") = "WebApplication", "WebApplication\WebApplication.csproj", "{FB88B810-2B1B-4D0A-A9E5-717228983C0D}"
EndProject
Project("{FAE04EC0-301F-11D3-BF4B-00C04F79EFBC}") = "WebApplication.Tests", "WebApplication.Tests\WebApplication.Tests.csproj", "{D5D24CAA-36F8-4677-A440-BACEBBFDD4E0}"
EndProject
Project("{FAE04EC0-301F-11D3-BF4B-00C04F79EFBC}") = "ClassLibrary", "ClassLibrary\ClassLibrary.csproj", "{4EFA1B54-B9FF-4439-A564-F0C28DBA1F71}"
EndProject
Global
	GlobalSection(SolutionConfigurationPlatforms) = preSolution
		Debug|Any CPU = Debug|Any CPU
		Release|Any CPU = Release|Any CPU
	EndGlobalSection
	GlobalSection(ProjectConfigurationPlatforms) = postSolution
		{FB88B810-2B1B-4D0A-A9E5-717228983C0D}.Debug|Any CPU.ActiveCfg = Debug|Any CPU
		{FB88B810-2B1B-4D0A-A9E5-717228983C0D}.Debug|Any CPU.Build.0 = Debug|Any CPU
		{FB88B810-2B1B-4D0A-A9E5-717228983C0D}.Release|Any CPU.ActiveCfg = Release|Any CPU
		{FB88B810-2B1B-4D0A-A9E5-717228983C0D}.Release|Any CPU.Build.0 = Release|Any CPU
		{D5D24CAA-36F8-4677-A440-BACEBBFDD4E0}.Debug|Any CPU.ActiveCfg = Debug|Any CPU
		{D5D24CAA-36F8-4677-A440-BACEBBFDD4E0}.Debug|Any CPU.Build.0 = Debug|Any CPU
		{D5D24CAA-36F8-4677-A440-BACEBBFDD4E0}.Release|Any CPU.ActiveCfg = Release|Any CPU
		{D5D24CAA-36F8-4677-A440-BACEBBFDD4E0}.Release|Any CPU.Build.0 = Release|Any CPU
		{4EFA1B54-B9FF-4439-A564-F0C28DBA1F71}.Debug|Any CPU.ActiveCfg = Debug|Any CPU
		{4EFA1B54-B9FF-4439-A564-F0C28DBA1F71}.Debug|Any CPU.Build.0 = Debug|Any CPU
		{4EFA1B54-B9FF-4439-A564-F0C28DBA1F71}.Release|Any CPU.ActiveCfg = Release|Any CPU
		{4EFA1B54-B9FF-4439-A564-F0C28DBA1F71}.Release|Any CPU.Build.0 = Release|Any CPU
	EndGlobalSection
	GlobalSection(SolutionProperties) = preSolution
		HideSolutionNode = FALSE
	EndGlobalSection
EndGlobal
